// !$*UTF8*$!
{
	archiveVersion = 1;
	classes = {
	};
	objectVersion = 50;
	objects = {

/* Begin PBXBuildFile section */
		CDE014F72097BC2700755EFE /* AppDelegate.swift in Sources */ = {isa = PBXBuildFile; fileRef = CDE014F62097BC2700755EFE /* AppDelegate.swift */; };
		CDE014F92097BC2700755EFE /* GameScene.sks in Resources */ = {isa = PBXBuildFile; fileRef = CDE014F82097BC2700755EFE /* GameScene.sks */; };
		CDE014FB2097BC2700755EFE /* Actions.sks in Resources */ = {isa = PBXBuildFile; fileRef = CDE014FA2097BC2700755EFE /* Actions.sks */; };
		CDE014FD2097BC2700755EFE /* GameScene.swift in Sources */ = {isa = PBXBuildFile; fileRef = CDE014FC2097BC2700755EFE /* GameScene.swift */; };
		CDE014FF2097BC2700755EFE /* GameViewController.swift in Sources */ = {isa = PBXBuildFile; fileRef = CDE014FE2097BC2700755EFE /* GameViewController.swift */; };
		CDE015022097BC2700755EFE /* Main.storyboard in Resources */ = {isa = PBXBuildFile; fileRef = CDE015002097BC2700755EFE /* Main.storyboard */; };
		CDE015042097BC2900755EFE /* Assets.xcassets in Resources */ = {isa = PBXBuildFile; fileRef = CDE015032097BC2900755EFE /* Assets.xcassets */; };
		CDE015072097BC2900755EFE /* LaunchScreen.storyboard in Resources */ = {isa = PBXBuildFile; fileRef = CDE015052097BC2900755EFE /* LaunchScreen.storyboard */; };
/* End PBXBuildFile section */

/* Begin PBXFileReference section */
		CDE014F32097BC2700755EFE /* PushMe.app */ = {isa = PBXFileReference; explicitFileType = wrapper.application; includeInIndex = 0; path = PushMe.app; sourceTree = BUILT_PRODUCTS_DIR; };
		CDE014F62097BC2700755EFE /* AppDelegate.swift */ = {isa = PBXFileReference; lastKnownFileType = sourcecode.swift; path = AppDelegate.swift; sourceTree = "<group>"; };
		CDE014F82097BC2700755EFE /* GameScene.sks */ = {isa = PBXFileReference; lastKnownFileType = file.sks; path = GameScene.sks; sourceTree = "<group>"; };
		CDE014FA2097BC2700755EFE /* Actions.sks */ = {isa = PBXFileReference; lastKnownFileType = file.sks; path = Actions.sks; sourceTree = "<group>"; };
		CDE014FC2097BC2700755EFE /* GameScene.swift */ = {isa = PBXFileReference; lastKnownFileType = sourcecode.swift; path = GameScene.swift; sourceTree = "<group>"; };
		CDE014FE2097BC2700755EFE /* GameViewController.swift */ = {isa = PBXFileReference; lastKnownFileType = sourcecode.swift; path = GameViewController.swift; sourceTree = "<group>"; };
		CDE015012097BC2700755EFE /* Base */ = {isa = PBXFileReference; lastKnownFileType = file.storyboard; name = Base; path = Base.lproj/Main.storyboard; sourceTree = "<group>"; };
		CDE015032097BC2900755EFE /* Assets.xcassets */ = {isa = PBXFileReference; lastKnownFileType = folder.assetcatalog; path = Assets.xcassets; sourceTree = "<group>"; };
		CDE015062097BC2900755EFE /* Base */ = {isa = PBXFileReference; lastKnownFileType = file.storyboard; name = Base; path = Base.lproj/LaunchScreen.storyboard; sourceTree = "<group>"; };
		CDE015082097BC2900755EFE /* Info.plist */ = {isa = PBXFileReference; lastKnownFileType = text.plist.xml; path = Info.plist; sourceTree = "<group>"; };
/* End PBXFileReference section */

/* Begin PBXFrameworksBuildPhase section */
		CDE014F02097BC2700755EFE /* Frameworks */ = {
			isa = PBXFrameworksBuildPhase;
			buildActionMask = 2147483647;
			files = (
			);
			runOnlyForDeploymentPostprocessing = 0;
		};
/* End PBXFrameworksBuildPhase section */

/* Begin PBXGroup section */
		CDE014EA2097BC2700755EFE = {
			isa = PBXGroup;
			children = (
				CDE014F52097BC2700755EFE /* PushMe */,
				CDE014F42097BC2700755EFE /* Products */,
			);
			sourceTree = "<group>";
		};
		CDE014F42097BC2700755EFE /* Products */ = {
			isa = PBXGroup;
			children = (
				CDE014F32097BC2700755EFE /* PushMe.app */,
			);
			name = Products;
			sourceTree = "<group>";
		};
		CDE014F52097BC2700755EFE /* PushMe */ = {
			isa = PBXGroup;
			children = (
				CDE014F62097BC2700755EFE /* AppDelegate.swift */,
				CDE014F82097BC2700755EFE /* GameScene.sks */,
				CDE014FA2097BC2700755EFE /* Actions.sks */,
				CDE014FC2097BC2700755EFE /* GameScene.swift */,
				CDE014FE2097BC2700755EFE /* GameViewController.swift */,
				CDE015002097BC2700755EFE /* Main.storyboard */,
				CDE015032097BC2900755EFE /* Assets.xcassets */,
				CDE015052097BC2900755EFE /* LaunchScreen.storyboard */,
				CDE015082097BC2900755EFE /* Info.plist */,
			);
			path = PushMe;
			sourceTree = "<group>";
		};
/* End PBXGroup section */

/* Begin PBXNativeTarget section */
		CDE014F22097BC2700755EFE /* PushMe */ = {
			isa = PBXNativeTarget;
			buildConfigurationList = CDE0150B2097BC2900755EFE /* Build configuration list for PBXNativeTarget "PushMe" */;
			buildPhases = (
				CDE014EF2097BC2700755EFE /* Sources */,
				CDE014F02097BC2700755EFE /* Frameworks */,
				CDE014F12097BC2700755EFE /* Resources */,
			);
			buildRules = (
			);
			dependencies = (
			);
			name = PushMe;
			productName = PushMe;
			productReference = CDE014F32097BC2700755EFE /* PushMe.app */;
			productType = "com.apple.product-type.application";
		};
/* End PBXNativeTarget section */

/* Begin PBXProject section */
		CDE014EB2097BC2700755EFE /* Project object */ = {
			isa = PBXProject;
			attributes = {
				LastSwiftUpdateCheck = 0930;
				LastUpgradeCheck = 0930;
				ORGANIZATIONNAME = "Mohamed Mohsen";
				TargetAttributes = {
					CDE014F22097BC2700755EFE = {
						CreatedOnToolsVersion = 9.3;
					};
				};
			};
			buildConfigurationList = CDE014EE2097BC2700755EFE /* Build configuration list for PBXProject "PushMe" */;
			compatibilityVersion = "Xcode 9.3";
			developmentRegion = en;
			hasScannedForEncodings = 0;
			knownRegions = (
				en,
				Base,
			);
			mainGroup = CDE014EA2097BC2700755EFE;
			productRefGroup = CDE014F42097BC2700755EFE /* Products */;
			projectDirPath = "";
			projectRoot = "";
			targets = (
				CDE014F22097BC2700755EFE /* PushMe */,
			);
		};
/* End PBXProject section */

/* Begin PBXResourcesBuildPhase section */
		CDE014F12097BC2700755EFE /* Resources */ = {
			isa = PBXResourcesBuildPhase;
			buildActionMask = 2147483647;
			files = (
				CDE015022097BC2700755EFE /* Main.storyboard in Resources */,
				CDE014F92097BC2700755EFE /* GameScene.sks in Resources */,
				CDE015042097BC2900755EFE /* Assets.xcassets in Resources */,
				CDE015072097BC2900755EFE /* LaunchScreen.storyboard in Resources */,
				CDE014FB2097BC2700755EFE /* Actions.sks in Resources */,
			);
			runOnlyForDeploymentPostprocessing = 0;
		};
/* End PBXResourcesBuildPhase section */

/* Begin PBXSourcesBuildPhase section */
		CDE014EF2097BC2700755EFE /* Sources */ = {
			isa = PBXSourcesBuildPhase;
			buildActionMask = 2147483647;
			files = (
				CDE014FD2097BC2700755EFE /* GameScene.swift in Sources */,
				CDE014FF2097BC2700755EFE /* GameViewController.swift in Sources */,
				CDE014F72097BC2700755EFE /* AppDelegate.swift in Sources */,
			);
			runOnlyForDeploymentPostprocessing = 0;
		};
/* End PBXSourcesBuildPhase section */

/* Begin PBXVariantGroup section */
		CDE015002097BC2700755EFE /* Main.storyboard */ = {
			isa = PBXVariantGroup;
			children = (
				CDE015012097BC2700755EFE /* Base */,
			);
			name = Main.storyboard;
			sourceTree = "<group>";
		};
		CDE015052097BC2900755EFE /* LaunchScreen.storyboard */ = {
			isa = PBXVariantGroup;
			children = (
				CDE015062097BC2900755EFE /* Base */,
			);
			name = LaunchScreen.storyboard;
			sourceTree = "<group>";
		};
/* End PBXVariantGroup section */

/* Begin XCBuildConfiguration section */
		CDE015092097BC2900755EFE /* Debug */ = {
			isa = XCBuildConfiguration;
			buildSettings = {
				ALWAYS_SEARCH_USER_PATHS = NO;
				CLANG_ANALYZER_NONNULL = YES;
				CLANG_ANALYZER_NUMBER_OBJECT_CONVERSION = YES_AGGRESSIVE;
				CLANG_CXX_LANGUAGE_STANDARD = "gnu++14";
				CLANG_CXX_LIBRARY = "libc++";
				CLANG_ENABLE_MODULES = YES;
				CLANG_ENABLE_OBJC_ARC = YES;
				CLANG_ENABLE_OBJC_WEAK = YES;
				CLANG_WARN_BLOCK_CAPTURE_AUTORELEASING = YES;
				CLANG_WARN_BOOL_CONVERSION = YES;
				CLANG_WARN_COMMA = YES;
				CLANG_WARN_CONSTANT_CONVERSION = YES;
				CLANG_WARN_DEPRECATED_OBJC_IMPLEMENTATIONS = YES;
				CLANG_WARN_DIRECT_OBJC_ISA_USAGE = YES_ERROR;
				CLANG_WARN_DOCUMENTATION_COMMENTS = YES;
				CLANG_WARN_EMPTY_BODY = YES;
				CLANG_WARN_ENUM_CONVERSION = YES;
				CLANG_WARN_INFINITE_RECURSION = YES;
				CLANG_WARN_INT_CONVERSION = YES;
				CLANG_WARN_NON_LITERAL_NULL_CONVERSION = YES;
				CLANG_WARN_OBJC_IMPLICIT_RETAIN_SELF = YES;
				CLANG_WARN_OBJC_LITERAL_CONVERSION = YES;
				CLANG_WARN_OBJC_ROOT_CLASS = YES_ERROR;
				CLANG_WARN_RANGE_LOOP_ANALYSIS = YES;
				CLANG_WARN_STRICT_PROTOTYPES = YES;
				CLANG_WARN_SUSPICIOUS_MOVE = YES;
				CLANG_WARN_UNGUARDED_AVAILABILITY = YES_AGGRESSIVE;
				CLANG_WARN_UNREACHABLE_CODE = YES;
				CLANG_WARN__DUPLICATE_METHOD_MATCH = YES;
				CODE_SIGN_IDENTITY = "iPhone Developer";
				COPY_PHASE_STRIP = NO;
				DEBUG_INFORMATION_FORMAT = dwarf;
				ENABLE_STRICT_OBJC_MSGSEND = YES;
				ENABLE_TESTABILITY = YES;
				GCC_C_LANGUAGE_STANDARD = gnu11;
				GCC_DYNAMIC_NO_PIC = NO;
				GCC_NO_COMMON_BLOCKS = YES;
				GCC_OPTIMIZATION_LEVEL = 0;
				GCC_PREPROCESSOR_DEFINITIONS = (
					"DEBUG=1",
					"$(inherited)",
				);
				GCC_WARN_64_TO_32_BIT_CONVERSION = YES;
				GCC_WARN_ABOUT_RETURN_TYPE = YES_ERROR;
				GCC_WARN_UNDECLARED_SELECTOR = YES;
				GCC_WARN_UNINITIALIZED_AUTOS = YES_AGGRESSIVE;
				GCC_WARN_UNUSED_FUNCTION = YES;
				GCC_WARN_UNUSED_VARIABLE = YES;
				IPHONEOS_DEPLOYMENT_TARGET = 11.3;
				MTL_ENABLE_DEBUG_INFO = YES;
				ONLY_ACTIVE_ARCH = YES;
				SDKROOT = iphoneos;
				SWIFT_ACTIVE_COMPILATION_CONDITIONS = DEBUG;
				SWIFT_OPTIMIZATION_LEVEL = "-Onone";
			};
			name = Debug;
		};
		CDE0150A2097BC2900755EFE /* Release */ = {
			isa = XCBuildConfiguration;
			buildSettings = {
				ALWAYS_SEARCH_USER_PATHS = NO;
				CLANG_ANALYZER_NONNULL = YES;
				CLANG_ANALYZER_NUMBER_OBJECT_CONVERSION = YES_AGGRESSIVE;
				CLANG_CXX_LANGUAGE_STANDARD = "gnu++14";
				CLANG_CXX_LIBRARY = "libc++";
				CLANG_ENABLE_MODULES = YES;
				CLANG_ENABLE_OBJC_ARC = YES;
				CLANG_ENABLE_OBJC_WEAK = YES;
				CLANG_WARN_BLOCK_CAPTURE_AUTORELEASING = YES;
				CLANG_WARN_BOOL_CONVERSION = YES;
				CLANG_WARN_COMMA = YES;
				CLANG_WARN_CONSTANT_CONVERSION = YES;
				CLANG_WARN_DEPRECATED_OBJC_IMPLEMENTATIONS = YES;
				CLANG_WARN_DIRECT_OBJC_ISA_USAGE = YES_ERROR;
				CLANG_WARN_DOCUMENTATION_COMMENTS = YES;
				CLANG_WARN_EMPTY_BODY = YES;
				CLANG_WARN_ENUM_CONVERSION = YES;
				CLANG_WARN_INFINITE_RECURSION = YES;
				CLANG_WARN_INT_CONVERSION = YES;
				CLANG_WARN_NON_LITERAL_NULL_CONVERSION = YES;
				CLANG_WARN_OBJC_IMPLICIT_RETAIN_SELF = YES;
				CLANG_WARN_OBJC_LITERAL_CONVERSION = YES;
				CLANG_WARN_OBJC_ROOT_CLASS = YES_ERROR;
				CLANG_WARN_RANGE_LOOP_ANALYSIS = YES;
				CLANG_WARN_STRICT_PROTOTYPES = YES;
				CLANG_WARN_SUSPICIOUS_MOVE = YES;
				CLANG_WARN_UNGUARDED_AVAILABILITY = YES_AGGRESSIVE;
				CLANG_WARN_UNREACHABLE_CODE = YES;
				CLANG_WARN__DUPLICATE_METHOD_MATCH = YES;
				CODE_SIGN_IDENTITY = "iPhone Developer";
				COPY_PHASE_STRIP = NO;
				DEBUG_INFORMATION_FORMAT = "dwarf-with-dsym";
				ENABLE_NS_ASSERTIONS = NO;
				ENABLE_STRICT_OBJC_MSGSEND = YES;
				GCC_C_LANGUAGE_STANDARD = gnu11;
				GCC_NO_COMMON_BLOCKS = YES;
				GCC_WARN_64_TO_32_BIT_CONVERSION = YES;
				GCC_WARN_ABOUT_RETURN_TYPE = YES_ERROR;
				GCC_WARN_UNDECLARED_SELECTOR = YES;
				GCC_WARN_UNINITIALIZED_AUTOS = YES_AGGRESSIVE;
				GCC_WARN_UNUSED_FUNCTION = YES;
				GCC_WARN_UNUSED_VARIABLE = YES;
				IPHONEOS_DEPLOYMENT_TARGET = 11.3;
				MTL_ENABLE_DEBUG_INFO = NO;
				SDKROOT = iphoneos;
				SWIFT_COMPILATION_MODE = wholemodule;
				SWIFT_OPTIMIZATION_LEVEL = "-O";
				VALIDATE_PRODUCT = YES;
			};
			name = Release;
		};
		CDE0150C2097BC2900755EFE /* Debug */ = {
			isa = XCBuildConfiguration;
			buildSettings = {
				ASSETCATALOG_COMPILER_APPICON_NAME = AppIcon;
				CODE_SIGN_STYLE = Automatic;
				DEVELOPMENT_TEAM = M93KQ55W7F;
				INFOPLIST_FILE = PushMe/Info.plist;
				LD_RUNPATH_SEARCH_PATHS = (
					"$(inherited)",
					"@executable_path/Frameworks",
				);
				PRODUCT_BUNDLE_IDENTIFIER = "Mohamed.Ebrahim.Mohsen-gmail.com.PushMe";
				PRODUCT_NAME = "$(TARGET_NAME)";
				SWIFT_VERSION = 4.0;
				TARGETED_DEVICE_FAMILY = "1,2";
			};
			name = Debug;
		};
		CDE0150D2097BC2900755EFE /* Release */ = {
			isa = XCBuildConfiguration;
			buildSettings = {
				ASSETCATALOG_COMPILER_APPICON_NAME = AppIcon;
				CODE_SIGN_STYLE = Automatic;
				DEVELOPMENT_TEAM = M93KQ55W7F;
				INFOPLIST_FILE = PushMe/Info.plist;
				LD_RUNPATH_SEARCH_PATHS = (
					"$(inherited)",
					"@executable_path/Frameworks",
				);
				PRODUCT_BUNDLE_IDENTIFIER = "Mohamed.Ebrahim.Mohsen-gmail.com.PushMe";
				PRODUCT_NAME = "$(TARGET_NAME)";
				SWIFT_VERSION = 4.0;
				TARGETED_DEVICE_FAMILY = "1,2";
			};
			name = Release;
		};
/* End XCBuildConfiguration section */

/* Begin XCConfigurationList section */
		CDE014EE2097BC2700755EFE /* Build configuration list for PBXProject "PushMe" */ = {
			isa = XCConfigurationList;
			buildConfigurations = (
				CDE015092097BC2900755EFE /* Debug */,
				CDE0150A2097BC2900755EFE /* Release */,
			);
			defaultConfigurationIsVisible = 0;
			defaultConfigurationName = Release;
		};
		CDE0150B2097BC2900755EFE /* Build configuration list for PBXNativeTarget "PushMe" */ = {
			isa = XCConfigurationList;
			buildConfigurations = (
				CDE0150C2097BC2900755EFE /* Debug */,
				CDE0150D2097BC2900755EFE /* Release */,
			);
			defaultConfigurationIsVisible = 0;
			defaultConfigurationName = Release;
		};
/* End XCConfigurationList section */
	};
	rootObject = CDE014EB2097BC2700755EFE /* Project object */;
}
